{
  "name": "@selfage/test_matcher",
  "version": "0.0.1",
  "lockfileVersion": 1,
  "requires": true,
  "dependencies": {
    "@selfage/counter": {
      "version": "1.0.4",
      "resolved": "https://registry.npmjs.org/@selfage/counter/-/counter-1.0.4.tgz",
      "integrity": "sha512-ZheBHJ+1j3sizoKCDZApsasHaWgMVhltj1GPEHpVHQOmm5IOhBZmZTDAh8z/n3hs5JRel/3q8RkZFnRWSWMrAA=="
    },
    "@selfage/observable_array": {
      "version": "1.0.3",
      "resolved": "https://registry.npmjs.org/@selfage/observable_array/-/observable_array-1.0.3.tgz",
      "integrity": "sha512-YVpzrBQDiK77/ER2KRIi/IvUjJ6gtxgFdpfa64ihVkxW+zwQup1HW8Ql1uahkknFTFW/kAiy+IqR2kWdUrKs/Q=="
    },
    "@selfage/test_base": {
      "version": "1.0.6",
      "resolved": "https://registry.npmjs.org/@selfage/test_base/-/test_base-1.0.6.tgz",
      "integrity": "sha512-i3/t4yP9O9pH3dh7UBMon9o+2bDnWa4WDw1pQmH1Bkamw1E5+FjU/VBQDo30FOTSzhsxlZEPhrJmnOGkN6TNtw==",
      "requires": {
        "commander": "^6.2.1",
        "source-map-support": "^0.5.19"
      }
    },
    "@selfage/tsconfig": {
      "version": "1.0.1",
      "resolved": "https://registry.npmjs.org/@selfage/tsconfig/-/tsconfig-1.0.1.tgz",
      "integrity": "sha512-m+r1O4jGazXDk4g4WhqNlMS7ltywErKoGHGTBbaVS8TGNAmqEl3s9bOtTh0w7Zq5Gni0msxXh0gYk2wdH+WLvA==",
      "dev": true
    },
    "buffer-from": {
      "version": "1.1.1",
      "resolved": "https://registry.npmjs.org/buffer-from/-/buffer-from-1.1.1.tgz",
      "integrity": "sha512-MQcXEUbCKtEo7bhqEs6560Hyd4XaovZlO/k9V3hjVUF/zwW7KBVdSK4gIt/bzwS9MbR5qob+F5jusZsb0YQK2A=="
    },
    "commander": {
      "version": "6.2.1",
      "resolved": "https://registry.npmjs.org/commander/-/commander-6.2.1.tgz",
      "integrity": "sha512-U7VdrJFnJgo4xjrHpTzu0yrHPGImdsmD95ZlgYSEajAn2JKzDhDTPG9kBTefmObL2w/ngeZnilk+OV9CG3d7UA=="
    },
    "source-map": {
      "version": "0.6.1",
      "resolved": "https://registry.npmjs.org/source-map/-/source-map-0.6.1.tgz",
      "integrity": "sha512-UjgapumWlbMhkBgzT7Ykc5YXUT46F0iKu8SGXq0bcwP5dz/h0Plj6enJqjz1Zbq2l5WaqYnrVbwWOWMyF3F47g=="
    },
    "source-map-support": {
      "version": "0.5.19",
      "resolved": "https://registry.npmjs.org/source-map-support/-/source-map-support-0.5.19.tgz",
      "integrity": "sha512-Wonm7zOCIJzBGQdB+thsPar0kYuCIzYvxZwlBa87yi/Mdjv7Tip2cyVbLj5o0cFPN4EVkuTwb3GDDyUx2DGnGw==",
      "requires": {
        "buffer-from": "^1.0.0",
        "source-map": "^0.6.0"
      }
    }
  }
}
